{
  "name": "fa-lang",
  "version": "1.0.0",
  "lockfileVersion": 1,
  "requires": true,
  "dependencies": {
    "cute-print": {
      "version": "1.0.4",
      "resolved": "https://registry.npmjs.org/cute-print/-/cute-print-1.0.4.tgz",
      "integrity": "sha512-ow+LrLYY2Voiq6phfz/RpFICmvAQHJHP/uvZQFcQc6VhtD8gyAKtK8MbO911nlwM5A5Ys5Mdz6HnxAodNbwtlg=="
    }
  }
}
